
Microsoft Visual Studio Solution File, Format Version 12.00
# Visual Studio Express 2013 for Windows Desktop
VisualStudioVersion = 12.0.31101.0
MinimumVisualStudioVersion = 10.0.40219.1
Project("{FAE04EC0-301F-11D3-BF4B-00C04F79EFBC}") = "DFPProposalLineItems", "DFPProposalLineItems.csproj", "{E60886BA-AC5A-4A3A-AA93-2F10A1536C5E}"
EndProject
Project("{FAE04EC0-301F-11D3-BF4B-00C04F79EFBC}") = "Launcher", "..\Launcher\Launcher.csproj", "{97EB5440-F6FF-40BF-B051-F51B245AB5A4}"
EndProject
Global
	GlobalSection(SolutionConfigurationPlatforms) = preSolution
		Debug|Any CPU = Debug|Any CPU
		Release|Any CPU = Release|Any CPU
	EndGlobalSection
	GlobalSection(ProjectConfigurationPlatforms) = postSolution
		{E60886BA-AC5A-4A3A-AA93-2F10A1536C5E}.Debug|Any CPU.ActiveCfg = Debug|Any CPU
		{E60886BA-AC5A-4A3A-AA93-2F10A1536C5E}.Debug|Any CPU.Build.0 = Debug|Any CPU
		{E60886BA-AC5A-4A3A-AA93-2F10A1536C5E}.Release|Any CPU.ActiveCfg = Release|Any CPU
		{E60886BA-AC5A-4A3A-AA93-2F10A1536C5E}.Release|Any CPU.Build.0 = Release|Any CPU
		{97EB5440-F6FF-40BF-B051-F51B245AB5A4}.Debug|Any CPU.ActiveCfg = Debug|Any CPU
		{97EB5440-F6FF-40BF-B051-F51B245AB5A4}.Debug|Any CPU.Build.0 = Debug|Any CPU
		{97EB5440-F6FF-40BF-B051-F51B245AB5A4}.Release|Any CPU.ActiveCfg = Release|Any CPU
		{97EB5440-F6FF-40BF-B051-F51B245AB5A4}.Release|Any CPU.Build.0 = Release|Any CPU
	EndGlobalSection
	GlobalSection(SolutionProperties) = preSolution
		HideSolutionNode = FALSE
	EndGlobalSection
EndGlobal
