
Microsoft Visual Studio Solution File, Format Version 12.00
# Visual Studio 14
VisualStudioVersion = 14.0.23107.0
MinimumVisualStudioVersion = 10.0.40219.1
Project("{FAE04EC0-301F-11D3-BF4B-00C04F79EFBC}") = "DFPScreenShotter", "DFPScreenShotter.csproj", "{9CA15A0D-9AA7-4815-A530-DA50A74EF759}"
EndProject
Project("{FAE04EC0-301F-11D3-BF4B-00C04F79EFBC}") = "VControl", "..\VControl\VControl.csproj", "{5D672256-690B-4ABD-BF21-CBC6D26BA8F2}"
EndProject
Global
	GlobalSection(SolutionConfigurationPlatforms) = preSolution
		Debug|Any CPU = Debug|Any CPU
		Release|Any CPU = Release|Any CPU
	EndGlobalSection
	GlobalSection(ProjectConfigurationPlatforms) = postSolution
		{9CA15A0D-9AA7-4815-A530-DA50A74EF759}.Debug|Any CPU.ActiveCfg = Debug|Any CPU
		{9CA15A0D-9AA7-4815-A530-DA50A74EF759}.Debug|Any CPU.Build.0 = Debug|Any CPU
		{9CA15A0D-9AA7-4815-A530-DA50A74EF759}.Release|Any CPU.ActiveCfg = Release|Any CPU
		{9CA15A0D-9AA7-4815-A530-DA50A74EF759}.Release|Any CPU.Build.0 = Release|Any CPU
		{5D672256-690B-4ABD-BF21-CBC6D26BA8F2}.Debug|Any CPU.ActiveCfg = Debug|Any CPU
		{5D672256-690B-4ABD-BF21-CBC6D26BA8F2}.Debug|Any CPU.Build.0 = Debug|Any CPU
		{5D672256-690B-4ABD-BF21-CBC6D26BA8F2}.Release|Any CPU.ActiveCfg = Release|Any CPU
		{5D672256-690B-4ABD-BF21-CBC6D26BA8F2}.Release|Any CPU.Build.0 = Release|Any CPU
	EndGlobalSection
	GlobalSection(SolutionProperties) = preSolution
		HideSolutionNode = FALSE
	EndGlobalSection
EndGlobal
