
Microsoft Visual Studio Solution File, Format Version 12.00
# Visual Studio Express 2013 for Windows Desktop
VisualStudioVersion = 12.0.31101.0
MinimumVisualStudioVersion = 10.0.40219.1
Project("{FAE04EC0-301F-11D3-BF4B-00C04F79EFBC}") = "VControl", "VControl\VControl.csproj", "{5D672256-690B-4ABD-BF21-CBC6D26BA8F2}"
EndProject
Project("{FAE04EC0-301F-11D3-BF4B-00C04F79EFBC}") = "Db", "Db\Db.csproj", "{57442B22-6B0C-4C62-953B-C7D689C61006}"
EndProject
Project("{FAE04EC0-301F-11D3-BF4B-00C04F79EFBC}") = "APNBase", "APNBase\APNBase.csproj", "{D6498655-FB00-4885-AA20-D073AB40C9D9}"
EndProject
Project("{FAE04EC0-301F-11D3-BF4B-00C04F79EFBC}") = "SFOBase", "SFOBase\SFOBase.csproj", "{0AEA1EEA-E99E-45CD-95D7-2B9C38839080}"
EndProject
Project("{FAE04EC0-301F-11D3-BF4B-00C04F79EFBC}") = "APNLineitems", "APNLineitems\APNLineitems.csproj", "{218DB3D2-4D36-453C-9E5C-303FE30725A4}"
EndProject
Project("{FAE04EC0-301F-11D3-BF4B-00C04F79EFBC}") = "APNLineitemsFix", "APNLineitemsFix\APNLineitemsFix.csproj", "{CFA2F41B-6726-4788-93D9-EF50D1122259}"
EndProject
Project("{FAE04EC0-301F-11D3-BF4B-00C04F79EFBC}") = "APNPerformanceReport", "APNPerformanceReport\APNPerformanceReport.csproj", "{CB8EF7D7-0005-41F5-84C2-4D5FB0F32A3D}"
EndProject
Project("{FAE04EC0-301F-11D3-BF4B-00C04F79EFBC}") = "TC_Media_DFP_OAuth2", "TC_Media_DFP_OAuth2\TC_Media_DFP_OAuth2.csproj", "{17B0E4CA-D15D-4E54-B8AA-0C10EAB7262A}"
EndProject
Project("{FAE04EC0-301F-11D3-BF4B-00C04F79EFBC}") = "APNPlacements", "APNPlacements\APNPlacements.csproj", "{AB8C4FA7-15B5-40D5-BAC1-C726D0DA62B3}"
EndProject
Project("{FAE04EC0-301F-11D3-BF4B-00C04F79EFBC}") = "APNReportDump", "APNReportDump\APNReportDump.csproj", "{3D49B294-F58D-4ADE-AD54-E9366C3127FB}"
EndProject
Project("{FAE04EC0-301F-11D3-BF4B-00C04F79EFBC}") = "APNReportImps", "APNReportImps\APNReportImps.csproj", "{EE047E2B-C87F-42C8-81A0-63CE6E1CACCC}"
EndProject
Project("{FAE04EC0-301F-11D3-BF4B-00C04F79EFBC}") = "APNSites", "APNSites\APNSites.csproj", "{9B5D641C-5D4C-4A6B-B1F5-9DA8CC547549}"
EndProject
Project("{FAE04EC0-301F-11D3-BF4B-00C04F79EFBC}") = "BIRPublish", "BIRPublish\BIRPublish.csproj", "{A479F8B3-0FFC-4E32-97AB-9D8861AFDBF4}"
EndProject
Project("{FAE04EC0-301F-11D3-BF4B-00C04F79EFBC}") = "CSVDump", "CSVDump\CSVDump.csproj", "{65DA6229-282F-4142-A395-5E826F8BBB56}"
EndProject
Project("{FAE04EC0-301F-11D3-BF4B-00C04F79EFBC}") = "DBMTest", "DBMTest\DBMTest.csproj", "{AF3DC787-BD80-4082-A220-956F7D27BF89}"
EndProject
Project("{FAE04EC0-301F-11D3-BF4B-00C04F79EFBC}") = "DFPAdUnits", "DFPAdUnits\DFPAdUnits.csproj", "{D5E07B88-D443-4FB1-BAD3-FEBE084DED8F}"
EndProject
Project("{FAE04EC0-301F-11D3-BF4B-00C04F79EFBC}") = "DFPBase", "DFPBase\DFPBase.csproj", "{774AB356-1BEC-468C-800B-9788E973FF74}"
EndProject
Project("{FAE04EC0-301F-11D3-BF4B-00C04F79EFBC}") = "DFPCompanies", "DFPCompanies\DFPCompanies.csproj", "{2501211F-66AB-4D68-B90B-20AABA9CF674}"
EndProject
Project("{FAE04EC0-301F-11D3-BF4B-00C04F79EFBC}") = "DFPCompaniesUpdate", "DFPCompaniesUpdate\DFPCompaniesUpdate.csproj", "{6B87183C-F6B8-4066-BEDB-3391E33EBFE0}"
EndProject
Project("{FAE04EC0-301F-11D3-BF4B-00C04F79EFBC}") = "DFPContacts", "DFPContacts\DFPContacts.csproj", "{511A0B7A-007C-4744-AAB4-85E7F668BF6F}"
EndProject
Project("{FAE04EC0-301F-11D3-BF4B-00C04F79EFBC}") = "DFPCreatives", "DFPCreatives\DFPCreatives.csproj", "{9F74DD2F-C40A-4DC7-9C39-DA16ABB1D63A}"
EndProject
Project("{FAE04EC0-301F-11D3-BF4B-00C04F79EFBC}") = "DFPCreativeSets", "DFPCreativeSets\DFPCreativeSets.csproj", "{214163DA-6B31-4C6A-94F6-745F920C82B0}"
EndProject
Project("{FAE04EC0-301F-11D3-BF4B-00C04F79EFBC}") = "DFPCreativeTemplates", "DFPCreativeTemplates\DFPCreativeTemplates.csproj", "{4BC634D0-0232-4947-B282-2FA76265CD1E}"
EndProject
Project("{FAE04EC0-301F-11D3-BF4B-00C04F79EFBC}") = "DFPCreativeWrappers", "DFPCreativeWrappers\DFPCreativeWrappers.csproj", "{A3435013-3361-475A-B6BB-4EAD9A51B1A7}"
EndProject
Project("{FAE04EC0-301F-11D3-BF4B-00C04F79EFBC}") = "DFPCustomFields", "DFPCustomFields\DFPCustomFields.csproj", "{09EAE527-9BF3-49B1-B88E-7E6AFE9E60DC}"
EndProject
Project("{FAE04EC0-301F-11D3-BF4B-00C04F79EFBC}") = "DFPExchangeRate", "DFPExchangeRate\DFPExchangeRate.csproj", "{50A3EEFC-199E-46F0-A0C2-E7AA91B54102}"
EndProject
Project("{FAE04EC0-301F-11D3-BF4B-00C04F79EFBC}") = "DFPLabels", "DFPLabels\DFPLabels.csproj", "{B9B9EBD5-1515-4A4B-8D32-9FFFAE4DF547}"
EndProject
Project("{FAE04EC0-301F-11D3-BF4B-00C04F79EFBC}") = "DFPLicas", "DFPLicas\DFPLicas.csproj", "{74D5BE1C-4D12-450D-8537-FA3E2FF079E6}"
EndProject
Project("{FAE04EC0-301F-11D3-BF4B-00C04F79EFBC}") = "DFPLineItems", "DFPLineItems\DFPLineItems.csproj", "{4BE60842-9170-43ED-8F5D-D01FFA7A9AEA}"
EndProject
Project("{FAE04EC0-301F-11D3-BF4B-00C04F79EFBC}") = "DFPMisc", "DFPMisc\DFPMisc.csproj", "{CF64EBA0-8CB6-4C08-8E8B-13DB2444BE35}"
EndProject
Project("{FAE04EC0-301F-11D3-BF4B-00C04F79EFBC}") = "DFPNoTargetingMonitor", "DFPNoTargetingMonitor\DFPNoTargetingMonitor.csproj", "{E098528F-15CB-4C9A-84EF-D593291CEE41}"
EndProject
Project("{FAE04EC0-301F-11D3-BF4B-00C04F79EFBC}") = "DFPNoTargetingMonitor2", "DFPNoTargetingMonitor2\DFPNoTargetingMonitor2.csproj", "{EDF2198F-1EE2-488E-B07C-7208236CA51B}"
EndProject
Project("{FAE04EC0-301F-11D3-BF4B-00C04F79EFBC}") = "DFPOrders", "DFPOrders\DFPOrders.csproj", "{F60BAB9B-0FD7-4957-B76D-2F41643E617C}"
EndProject
Project("{FAE04EC0-301F-11D3-BF4B-00C04F79EFBC}") = "DFPPerformanceReport", "DFPPerformanceReport\DFPPerformanceReport.csproj", "{11CE1F22-DAD6-43AD-AF47-BCAB97E40657}"
EndProject
Project("{FAE04EC0-301F-11D3-BF4B-00C04F79EFBC}") = "DFPPerformanceReport2", "DFPPerformanceReport2\DFPPerformanceReport2.csproj", "{E0861225-D0F5-49AC-9A95-C6549774C271}"
EndProject
Project("{FAE04EC0-301F-11D3-BF4B-00C04F79EFBC}") = "DFPPlacements", "DFPPlacements\DFPPlacements.csproj", "{79E934E3-A906-4DC4-961B-E83FB628CEBD}"
EndProject
Project("{FAE04EC0-301F-11D3-BF4B-00C04F79EFBC}") = "DFPProducts", "DFPProducts\DFPProducts.csproj", "{8DA75426-BAA5-441D-93BF-AF2348DB7CFB}"
EndProject
Project("{FAE04EC0-301F-11D3-BF4B-00C04F79EFBC}") = "DFPProposalLineItems", "DFPProposalLineItems\DFPProposalLineItems.csproj", "{E60886BA-AC5A-4A3A-AA93-2F10A1536C5E}"
EndProject
Project("{FAE04EC0-301F-11D3-BF4B-00C04F79EFBC}") = "DFPProposals", "DFPProposals\DFPProposals.csproj", "{A9F64944-294B-43C2-A8FB-A48E13AF13BB}"
EndProject
Project("{FAE04EC0-301F-11D3-BF4B-00C04F79EFBC}") = "DFPReportDownloader", "DFPReportDownloader\DFPReportDownloader.csproj", "{9D60D94B-C276-4BF1-BCD4-52E635FE8A10}"
EndProject
Project("{FAE04EC0-301F-11D3-BF4B-00C04F79EFBC}") = "DFPRoles", "DFPRoles\DFPRoles.csproj", "{39C3988D-B86B-45CD-823A-FD96F7A2B4C1}"
EndProject
Project("{FAE04EC0-301F-11D3-BF4B-00C04F79EFBC}") = "DFPRpt__elan_DFP_ALL", "DFPRpt__elan_DFP_ALL\DFPRpt__elan_DFP_ALL.csproj", "{C83D6588-624E-4A30-BC24-ACD6DA940C23}"
EndProject
Project("{FAE04EC0-301F-11D3-BF4B-00C04F79EFBC}") = "DFPRpt__elan_DFP_ALL_war_data", "DFPRpt__elan_DFP_ALL_raw_data\DFPRpt__elan_DFP_ALL_war_data.csproj", "{65D33F9C-A9CD-49DF-92F0-5F3A81B223E0}"
EndProject
Project("{FAE04EC0-301F-11D3-BF4B-00C04F79EFBC}") = "DFPRpt__elan_DFP_Remnant", "DFPRpt__elan_DFP_Remnant\DFPRpt__elan_DFP_Remnant.csproj", "{A3D26DD7-4991-4D1E-B3BB-AE1F691A9CFA}"
EndProject
Project("{FAE04EC0-301F-11D3-BF4B-00C04F79EFBC}") = "DFPRpt__elan_DFP_Video", "DFPRpt__elan_DFP_Video\DFPRpt__elan_DFP_Video.csproj", "{830C170A-362B-4A5C-9C32-69C920E838E8}"
EndProject
Project("{FAE04EC0-301F-11D3-BF4B-00C04F79EFBC}") = "DFPSalesReport", "DFPSalesReport\DFPSalesReport.csproj", "{96D8AED3-B34E-49C6-8590-B5FF22D7E328}"
EndProject
Project("{FAE04EC0-301F-11D3-BF4B-00C04F79EFBC}") = "DFPScreenShotter", "DFPScreenShotter\DFPScreenShotter.csproj", "{9CA15A0D-9AA7-4815-A530-DA50A74EF759}"
EndProject
Project("{FAE04EC0-301F-11D3-BF4B-00C04F79EFBC}") = "DFPSetLineItemTypeSpecifics", "DFPSetLineItemTypeSpecifics\DFPSetLineItemTypeSpecifics.csproj", "{05DA279D-F08D-4C74-9E01-D01F95F80E56}"
EndProject
Project("{FAE04EC0-301F-11D3-BF4B-00C04F79EFBC}") = "DFPTeams", "DFPTeams\DFPTeams.csproj", "{8D09FDFE-EF4E-4667-A1F8-40B2E2922D1D}"
EndProject
Project("{FAE04EC0-301F-11D3-BF4B-00C04F79EFBC}") = "DFPUploader", "DFPUploader\DFPUploader.csproj", "{AEFDC96D-3C12-4850-BDF8-CCD279B3BE74}"
EndProject
Project("{FAE04EC0-301F-11D3-BF4B-00C04F79EFBC}") = "DFPUsers", "DFPUsers\DFPUsers.csproj", "{39E35C93-D56D-4B4D-8680-AF7ED5AE5139}"
EndProject
Project("{FAE04EC0-301F-11D3-BF4B-00C04F79EFBC}") = "DFPUsersTeams", "DFPUsersTeams\DFPUsersTeams.csproj", "{80E4B7DB-5069-4963-A8C8-D98AF0274176}"
EndProject
Project("{FAE04EC0-301F-11D3-BF4B-00C04F79EFBC}") = "AkamiUpload", "DFPUploader\AkamiUpload\AkamiUpload.csproj", "{1D65CED8-99B1-498C-A091-CEBF938ABDF3}"
EndProject
Project("{FAE04EC0-301F-11D3-BF4B-00C04F79EFBC}") = "AkamiInfo", "DFPUploader\AkamiInfo\AkamiInfo.csproj", "{4DDF0041-4153-4D8D-9275-A3113615F0F5}"
EndProject
Project("{FAE04EC0-301F-11D3-BF4B-00C04F79EFBC}") = "GANDynBan", "GANDynBan\GANDynBan.csproj", "{24A6E228-9568-4B7F-B915-E56F569628A1}"
EndProject
Project("{FAE04EC0-301F-11D3-BF4B-00C04F79EFBC}") = "GENReportScheduler", "GENReportScheduler\GENReportScheduler.csproj", "{F30C662E-5D18-4DB1-85FE-01A4E70C53D0}"
EndProject
Project("{FAE04EC0-301F-11D3-BF4B-00C04F79EFBC}") = "Launcher", "Launcher\Launcher.csproj", "{97EB5440-F6FF-40BF-B051-F51B245AB5A4}"
EndProject
Project("{FAE04EC0-301F-11D3-BF4B-00C04F79EFBC}") = "SFORXBase", "SFORXBase\SFORXBase.csproj", "{4F985830-9DB8-4FFB-9128-DCD66A928BFC}"
EndProject
Project("{FAE04EC0-301F-11D3-BF4B-00C04F79EFBC}") = "SFORXDomains", "SFORXDomains\SFORXDomains.csproj", "{E6FEF30B-3B23-41A4-BA00-94D89605572E}"
EndProject
Project("{FAE04EC0-301F-11D3-BF4B-00C04F79EFBC}") = "GPTScripts", "GPTScripts\GPTScripts.csproj", "{976CE569-DED7-423E-9A79-B54B9DC37E36}"
EndProject
Project("{FAE04EC0-301F-11D3-BF4B-00C04F79EFBC}") = "SFOorders", "SFOOrders\SFOorders.csproj", "{84AD0B42-6CDC-4C6D-A89F-71902D19981D}"
EndProject
Project("{FAE04EC0-301F-11D3-BF4B-00C04F79EFBC}") = "GENReportCreator", "GENReportCreator\GENReportCreator.csproj", "{58B8B4DB-BECB-4E9B-81AD-2AED19AFB1A0}"
EndProject
Project("{FAE04EC0-301F-11D3-BF4B-00C04F79EFBC}") = "GENReportSpecifics", "GENReportSpecifics\GENReportSpecifics.csproj", "{0B959B51-E00C-4244-9883-39102962DE9E}"
EndProject
Global
	GlobalSection(SolutionConfigurationPlatforms) = preSolution
		Debug|Any CPU = Debug|Any CPU
		Release|Any CPU = Release|Any CPU
	EndGlobalSection
	GlobalSection(ProjectConfigurationPlatforms) = postSolution
		{5D672256-690B-4ABD-BF21-CBC6D26BA8F2}.Debug|Any CPU.ActiveCfg = Debug|Any CPU
		{5D672256-690B-4ABD-BF21-CBC6D26BA8F2}.Debug|Any CPU.Build.0 = Debug|Any CPU
		{5D672256-690B-4ABD-BF21-CBC6D26BA8F2}.Release|Any CPU.ActiveCfg = Release|Any CPU
		{5D672256-690B-4ABD-BF21-CBC6D26BA8F2}.Release|Any CPU.Build.0 = Release|Any CPU
		{57442B22-6B0C-4C62-953B-C7D689C61006}.Debug|Any CPU.ActiveCfg = Debug|Any CPU
		{57442B22-6B0C-4C62-953B-C7D689C61006}.Debug|Any CPU.Build.0 = Debug|Any CPU
		{57442B22-6B0C-4C62-953B-C7D689C61006}.Release|Any CPU.ActiveCfg = Release|Any CPU
		{57442B22-6B0C-4C62-953B-C7D689C61006}.Release|Any CPU.Build.0 = Release|Any CPU
		{D6498655-FB00-4885-AA20-D073AB40C9D9}.Debug|Any CPU.ActiveCfg = Debug|Any CPU
		{D6498655-FB00-4885-AA20-D073AB40C9D9}.Debug|Any CPU.Build.0 = Debug|Any CPU
		{D6498655-FB00-4885-AA20-D073AB40C9D9}.Release|Any CPU.ActiveCfg = Release|Any CPU
		{D6498655-FB00-4885-AA20-D073AB40C9D9}.Release|Any CPU.Build.0 = Release|Any CPU
		{0AEA1EEA-E99E-45CD-95D7-2B9C38839080}.Debug|Any CPU.ActiveCfg = Debug|Any CPU
		{0AEA1EEA-E99E-45CD-95D7-2B9C38839080}.Debug|Any CPU.Build.0 = Debug|Any CPU
		{0AEA1EEA-E99E-45CD-95D7-2B9C38839080}.Release|Any CPU.ActiveCfg = Release|Any CPU
		{0AEA1EEA-E99E-45CD-95D7-2B9C38839080}.Release|Any CPU.Build.0 = Release|Any CPU
		{218DB3D2-4D36-453C-9E5C-303FE30725A4}.Debug|Any CPU.ActiveCfg = Debug|Any CPU
		{218DB3D2-4D36-453C-9E5C-303FE30725A4}.Debug|Any CPU.Build.0 = Debug|Any CPU
		{218DB3D2-4D36-453C-9E5C-303FE30725A4}.Release|Any CPU.ActiveCfg = Release|Any CPU
		{218DB3D2-4D36-453C-9E5C-303FE30725A4}.Release|Any CPU.Build.0 = Release|Any CPU
		{CFA2F41B-6726-4788-93D9-EF50D1122259}.Debug|Any CPU.ActiveCfg = Debug|Any CPU
		{CFA2F41B-6726-4788-93D9-EF50D1122259}.Debug|Any CPU.Build.0 = Debug|Any CPU
		{CFA2F41B-6726-4788-93D9-EF50D1122259}.Release|Any CPU.ActiveCfg = Release|Any CPU
		{CFA2F41B-6726-4788-93D9-EF50D1122259}.Release|Any CPU.Build.0 = Release|Any CPU
		{CB8EF7D7-0005-41F5-84C2-4D5FB0F32A3D}.Debug|Any CPU.ActiveCfg = Debug|Any CPU
		{CB8EF7D7-0005-41F5-84C2-4D5FB0F32A3D}.Debug|Any CPU.Build.0 = Debug|Any CPU
		{CB8EF7D7-0005-41F5-84C2-4D5FB0F32A3D}.Release|Any CPU.ActiveCfg = Release|Any CPU
		{CB8EF7D7-0005-41F5-84C2-4D5FB0F32A3D}.Release|Any CPU.Build.0 = Release|Any CPU
		{17B0E4CA-D15D-4E54-B8AA-0C10EAB7262A}.Debug|Any CPU.ActiveCfg = Debug|Any CPU
		{17B0E4CA-D15D-4E54-B8AA-0C10EAB7262A}.Debug|Any CPU.Build.0 = Debug|Any CPU
		{17B0E4CA-D15D-4E54-B8AA-0C10EAB7262A}.Release|Any CPU.ActiveCfg = Release|Any CPU
		{17B0E4CA-D15D-4E54-B8AA-0C10EAB7262A}.Release|Any CPU.Build.0 = Release|Any CPU
		{AB8C4FA7-15B5-40D5-BAC1-C726D0DA62B3}.Debug|Any CPU.ActiveCfg = Debug|Any CPU
		{AB8C4FA7-15B5-40D5-BAC1-C726D0DA62B3}.Debug|Any CPU.Build.0 = Debug|Any CPU
		{AB8C4FA7-15B5-40D5-BAC1-C726D0DA62B3}.Release|Any CPU.ActiveCfg = Release|Any CPU
		{AB8C4FA7-15B5-40D5-BAC1-C726D0DA62B3}.Release|Any CPU.Build.0 = Release|Any CPU
		{3D49B294-F58D-4ADE-AD54-E9366C3127FB}.Debug|Any CPU.ActiveCfg = Debug|Any CPU
		{3D49B294-F58D-4ADE-AD54-E9366C3127FB}.Debug|Any CPU.Build.0 = Debug|Any CPU
		{3D49B294-F58D-4ADE-AD54-E9366C3127FB}.Release|Any CPU.ActiveCfg = Release|Any CPU
		{3D49B294-F58D-4ADE-AD54-E9366C3127FB}.Release|Any CPU.Build.0 = Release|Any CPU
		{EE047E2B-C87F-42C8-81A0-63CE6E1CACCC}.Debug|Any CPU.ActiveCfg = Debug|Any CPU
		{EE047E2B-C87F-42C8-81A0-63CE6E1CACCC}.Debug|Any CPU.Build.0 = Debug|Any CPU
		{EE047E2B-C87F-42C8-81A0-63CE6E1CACCC}.Release|Any CPU.ActiveCfg = Release|Any CPU
		{EE047E2B-C87F-42C8-81A0-63CE6E1CACCC}.Release|Any CPU.Build.0 = Release|Any CPU
		{9B5D641C-5D4C-4A6B-B1F5-9DA8CC547549}.Debug|Any CPU.ActiveCfg = Debug|Any CPU
		{9B5D641C-5D4C-4A6B-B1F5-9DA8CC547549}.Debug|Any CPU.Build.0 = Debug|Any CPU
		{9B5D641C-5D4C-4A6B-B1F5-9DA8CC547549}.Release|Any CPU.ActiveCfg = Release|Any CPU
		{9B5D641C-5D4C-4A6B-B1F5-9DA8CC547549}.Release|Any CPU.Build.0 = Release|Any CPU
		{A479F8B3-0FFC-4E32-97AB-9D8861AFDBF4}.Debug|Any CPU.ActiveCfg = Debug|Any CPU
		{A479F8B3-0FFC-4E32-97AB-9D8861AFDBF4}.Debug|Any CPU.Build.0 = Debug|Any CPU
		{A479F8B3-0FFC-4E32-97AB-9D8861AFDBF4}.Release|Any CPU.ActiveCfg = Release|Any CPU
		{A479F8B3-0FFC-4E32-97AB-9D8861AFDBF4}.Release|Any CPU.Build.0 = Release|Any CPU
		{65DA6229-282F-4142-A395-5E826F8BBB56}.Debug|Any CPU.ActiveCfg = Debug|Any CPU
		{65DA6229-282F-4142-A395-5E826F8BBB56}.Debug|Any CPU.Build.0 = Debug|Any CPU
		{65DA6229-282F-4142-A395-5E826F8BBB56}.Release|Any CPU.ActiveCfg = Release|Any CPU
		{65DA6229-282F-4142-A395-5E826F8BBB56}.Release|Any CPU.Build.0 = Release|Any CPU
		{AF3DC787-BD80-4082-A220-956F7D27BF89}.Debug|Any CPU.ActiveCfg = Debug|Any CPU
		{AF3DC787-BD80-4082-A220-956F7D27BF89}.Debug|Any CPU.Build.0 = Debug|Any CPU
		{AF3DC787-BD80-4082-A220-956F7D27BF89}.Release|Any CPU.ActiveCfg = Release|Any CPU
		{AF3DC787-BD80-4082-A220-956F7D27BF89}.Release|Any CPU.Build.0 = Release|Any CPU
		{D5E07B88-D443-4FB1-BAD3-FEBE084DED8F}.Debug|Any CPU.ActiveCfg = Debug|Any CPU
		{D5E07B88-D443-4FB1-BAD3-FEBE084DED8F}.Debug|Any CPU.Build.0 = Debug|Any CPU
		{D5E07B88-D443-4FB1-BAD3-FEBE084DED8F}.Release|Any CPU.ActiveCfg = Release|Any CPU
		{D5E07B88-D443-4FB1-BAD3-FEBE084DED8F}.Release|Any CPU.Build.0 = Release|Any CPU
		{774AB356-1BEC-468C-800B-9788E973FF74}.Debug|Any CPU.ActiveCfg = Debug|Any CPU
		{774AB356-1BEC-468C-800B-9788E973FF74}.Debug|Any CPU.Build.0 = Debug|Any CPU
		{774AB356-1BEC-468C-800B-9788E973FF74}.Release|Any CPU.ActiveCfg = Release|Any CPU
		{774AB356-1BEC-468C-800B-9788E973FF74}.Release|Any CPU.Build.0 = Release|Any CPU
		{2501211F-66AB-4D68-B90B-20AABA9CF674}.Debug|Any CPU.ActiveCfg = Debug|Any CPU
		{2501211F-66AB-4D68-B90B-20AABA9CF674}.Debug|Any CPU.Build.0 = Debug|Any CPU
		{2501211F-66AB-4D68-B90B-20AABA9CF674}.Release|Any CPU.ActiveCfg = Release|Any CPU
		{2501211F-66AB-4D68-B90B-20AABA9CF674}.Release|Any CPU.Build.0 = Release|Any CPU
		{6B87183C-F6B8-4066-BEDB-3391E33EBFE0}.Debug|Any CPU.ActiveCfg = Debug|Any CPU
		{6B87183C-F6B8-4066-BEDB-3391E33EBFE0}.Debug|Any CPU.Build.0 = Debug|Any CPU
		{6B87183C-F6B8-4066-BEDB-3391E33EBFE0}.Release|Any CPU.ActiveCfg = Release|Any CPU
		{6B87183C-F6B8-4066-BEDB-3391E33EBFE0}.Release|Any CPU.Build.0 = Release|Any CPU
		{511A0B7A-007C-4744-AAB4-85E7F668BF6F}.Debug|Any CPU.ActiveCfg = Debug|Any CPU
		{511A0B7A-007C-4744-AAB4-85E7F668BF6F}.Debug|Any CPU.Build.0 = Debug|Any CPU
		{511A0B7A-007C-4744-AAB4-85E7F668BF6F}.Release|Any CPU.ActiveCfg = Release|Any CPU
		{511A0B7A-007C-4744-AAB4-85E7F668BF6F}.Release|Any CPU.Build.0 = Release|Any CPU
		{9F74DD2F-C40A-4DC7-9C39-DA16ABB1D63A}.Debug|Any CPU.ActiveCfg = Debug|Any CPU
		{9F74DD2F-C40A-4DC7-9C39-DA16ABB1D63A}.Debug|Any CPU.Build.0 = Debug|Any CPU
		{9F74DD2F-C40A-4DC7-9C39-DA16ABB1D63A}.Release|Any CPU.ActiveCfg = Release|Any CPU
		{9F74DD2F-C40A-4DC7-9C39-DA16ABB1D63A}.Release|Any CPU.Build.0 = Release|Any CPU
		{214163DA-6B31-4C6A-94F6-745F920C82B0}.Debug|Any CPU.ActiveCfg = Debug|Any CPU
		{214163DA-6B31-4C6A-94F6-745F920C82B0}.Debug|Any CPU.Build.0 = Debug|Any CPU
		{214163DA-6B31-4C6A-94F6-745F920C82B0}.Release|Any CPU.ActiveCfg = Release|Any CPU
		{214163DA-6B31-4C6A-94F6-745F920C82B0}.Release|Any CPU.Build.0 = Release|Any CPU
		{4BC634D0-0232-4947-B282-2FA76265CD1E}.Debug|Any CPU.ActiveCfg = Debug|Any CPU
		{4BC634D0-0232-4947-B282-2FA76265CD1E}.Debug|Any CPU.Build.0 = Debug|Any CPU
		{4BC634D0-0232-4947-B282-2FA76265CD1E}.Release|Any CPU.ActiveCfg = Release|Any CPU
		{4BC634D0-0232-4947-B282-2FA76265CD1E}.Release|Any CPU.Build.0 = Release|Any CPU
		{A3435013-3361-475A-B6BB-4EAD9A51B1A7}.Debug|Any CPU.ActiveCfg = Debug|Any CPU
		{A3435013-3361-475A-B6BB-4EAD9A51B1A7}.Debug|Any CPU.Build.0 = Debug|Any CPU
		{A3435013-3361-475A-B6BB-4EAD9A51B1A7}.Release|Any CPU.ActiveCfg = Release|Any CPU
		{A3435013-3361-475A-B6BB-4EAD9A51B1A7}.Release|Any CPU.Build.0 = Release|Any CPU
		{09EAE527-9BF3-49B1-B88E-7E6AFE9E60DC}.Debug|Any CPU.ActiveCfg = Debug|Any CPU
		{09EAE527-9BF3-49B1-B88E-7E6AFE9E60DC}.Debug|Any CPU.Build.0 = Debug|Any CPU
		{09EAE527-9BF3-49B1-B88E-7E6AFE9E60DC}.Release|Any CPU.ActiveCfg = Release|Any CPU
		{09EAE527-9BF3-49B1-B88E-7E6AFE9E60DC}.Release|Any CPU.Build.0 = Release|Any CPU
		{50A3EEFC-199E-46F0-A0C2-E7AA91B54102}.Debug|Any CPU.ActiveCfg = Debug|Any CPU
		{50A3EEFC-199E-46F0-A0C2-E7AA91B54102}.Debug|Any CPU.Build.0 = Debug|Any CPU
		{50A3EEFC-199E-46F0-A0C2-E7AA91B54102}.Release|Any CPU.ActiveCfg = Release|Any CPU
		{50A3EEFC-199E-46F0-A0C2-E7AA91B54102}.Release|Any CPU.Build.0 = Release|Any CPU
		{B9B9EBD5-1515-4A4B-8D32-9FFFAE4DF547}.Debug|Any CPU.ActiveCfg = Debug|Any CPU
		{B9B9EBD5-1515-4A4B-8D32-9FFFAE4DF547}.Debug|Any CPU.Build.0 = Debug|Any CPU
		{B9B9EBD5-1515-4A4B-8D32-9FFFAE4DF547}.Release|Any CPU.ActiveCfg = Release|Any CPU
		{B9B9EBD5-1515-4A4B-8D32-9FFFAE4DF547}.Release|Any CPU.Build.0 = Release|Any CPU
		{74D5BE1C-4D12-450D-8537-FA3E2FF079E6}.Debug|Any CPU.ActiveCfg = Debug|Any CPU
		{74D5BE1C-4D12-450D-8537-FA3E2FF079E6}.Debug|Any CPU.Build.0 = Debug|Any CPU
		{74D5BE1C-4D12-450D-8537-FA3E2FF079E6}.Release|Any CPU.ActiveCfg = Release|Any CPU
		{74D5BE1C-4D12-450D-8537-FA3E2FF079E6}.Release|Any CPU.Build.0 = Release|Any CPU
		{4BE60842-9170-43ED-8F5D-D01FFA7A9AEA}.Debug|Any CPU.ActiveCfg = Debug|Any CPU
		{4BE60842-9170-43ED-8F5D-D01FFA7A9AEA}.Debug|Any CPU.Build.0 = Debug|Any CPU
		{4BE60842-9170-43ED-8F5D-D01FFA7A9AEA}.Release|Any CPU.ActiveCfg = Release|Any CPU
		{4BE60842-9170-43ED-8F5D-D01FFA7A9AEA}.Release|Any CPU.Build.0 = Release|Any CPU
		{CF64EBA0-8CB6-4C08-8E8B-13DB2444BE35}.Debug|Any CPU.ActiveCfg = Debug|Any CPU
		{CF64EBA0-8CB6-4C08-8E8B-13DB2444BE35}.Debug|Any CPU.Build.0 = Debug|Any CPU
		{CF64EBA0-8CB6-4C08-8E8B-13DB2444BE35}.Release|Any CPU.ActiveCfg = Release|Any CPU
		{CF64EBA0-8CB6-4C08-8E8B-13DB2444BE35}.Release|Any CPU.Build.0 = Release|Any CPU
		{E098528F-15CB-4C9A-84EF-D593291CEE41}.Debug|Any CPU.ActiveCfg = Debug|Any CPU
		{E098528F-15CB-4C9A-84EF-D593291CEE41}.Debug|Any CPU.Build.0 = Debug|Any CPU
		{E098528F-15CB-4C9A-84EF-D593291CEE41}.Release|Any CPU.ActiveCfg = Release|Any CPU
		{E098528F-15CB-4C9A-84EF-D593291CEE41}.Release|Any CPU.Build.0 = Release|Any CPU
		{EDF2198F-1EE2-488E-B07C-7208236CA51B}.Debug|Any CPU.ActiveCfg = Debug|Any CPU
		{EDF2198F-1EE2-488E-B07C-7208236CA51B}.Debug|Any CPU.Build.0 = Debug|Any CPU
		{EDF2198F-1EE2-488E-B07C-7208236CA51B}.Release|Any CPU.ActiveCfg = Release|Any CPU
		{EDF2198F-1EE2-488E-B07C-7208236CA51B}.Release|Any CPU.Build.0 = Release|Any CPU
		{F60BAB9B-0FD7-4957-B76D-2F41643E617C}.Debug|Any CPU.ActiveCfg = Debug|Any CPU
		{F60BAB9B-0FD7-4957-B76D-2F41643E617C}.Debug|Any CPU.Build.0 = Debug|Any CPU
		{F60BAB9B-0FD7-4957-B76D-2F41643E617C}.Release|Any CPU.ActiveCfg = Release|Any CPU
		{F60BAB9B-0FD7-4957-B76D-2F41643E617C}.Release|Any CPU.Build.0 = Release|Any CPU
		{11CE1F22-DAD6-43AD-AF47-BCAB97E40657}.Debug|Any CPU.ActiveCfg = Debug|Any CPU
		{11CE1F22-DAD6-43AD-AF47-BCAB97E40657}.Debug|Any CPU.Build.0 = Debug|Any CPU
		{11CE1F22-DAD6-43AD-AF47-BCAB97E40657}.Release|Any CPU.ActiveCfg = Release|Any CPU
		{11CE1F22-DAD6-43AD-AF47-BCAB97E40657}.Release|Any CPU.Build.0 = Release|Any CPU
		{E0861225-D0F5-49AC-9A95-C6549774C271}.Debug|Any CPU.ActiveCfg = Debug|Any CPU
		{E0861225-D0F5-49AC-9A95-C6549774C271}.Debug|Any CPU.Build.0 = Debug|Any CPU
		{E0861225-D0F5-49AC-9A95-C6549774C271}.Release|Any CPU.ActiveCfg = Release|Any CPU
		{E0861225-D0F5-49AC-9A95-C6549774C271}.Release|Any CPU.Build.0 = Release|Any CPU
		{79E934E3-A906-4DC4-961B-E83FB628CEBD}.Debug|Any CPU.ActiveCfg = Debug|Any CPU
		{79E934E3-A906-4DC4-961B-E83FB628CEBD}.Debug|Any CPU.Build.0 = Debug|Any CPU
		{79E934E3-A906-4DC4-961B-E83FB628CEBD}.Release|Any CPU.ActiveCfg = Release|Any CPU
		{79E934E3-A906-4DC4-961B-E83FB628CEBD}.Release|Any CPU.Build.0 = Release|Any CPU
		{8DA75426-BAA5-441D-93BF-AF2348DB7CFB}.Debug|Any CPU.ActiveCfg = Debug|Any CPU
		{8DA75426-BAA5-441D-93BF-AF2348DB7CFB}.Debug|Any CPU.Build.0 = Debug|Any CPU
		{8DA75426-BAA5-441D-93BF-AF2348DB7CFB}.Release|Any CPU.ActiveCfg = Release|Any CPU
		{8DA75426-BAA5-441D-93BF-AF2348DB7CFB}.Release|Any CPU.Build.0 = Release|Any CPU
		{E60886BA-AC5A-4A3A-AA93-2F10A1536C5E}.Debug|Any CPU.ActiveCfg = Debug|Any CPU
		{E60886BA-AC5A-4A3A-AA93-2F10A1536C5E}.Debug|Any CPU.Build.0 = Debug|Any CPU
		{E60886BA-AC5A-4A3A-AA93-2F10A1536C5E}.Release|Any CPU.ActiveCfg = Release|Any CPU
		{E60886BA-AC5A-4A3A-AA93-2F10A1536C5E}.Release|Any CPU.Build.0 = Release|Any CPU
		{A9F64944-294B-43C2-A8FB-A48E13AF13BB}.Debug|Any CPU.ActiveCfg = Debug|Any CPU
		{A9F64944-294B-43C2-A8FB-A48E13AF13BB}.Debug|Any CPU.Build.0 = Debug|Any CPU
		{A9F64944-294B-43C2-A8FB-A48E13AF13BB}.Release|Any CPU.ActiveCfg = Release|Any CPU
		{A9F64944-294B-43C2-A8FB-A48E13AF13BB}.Release|Any CPU.Build.0 = Release|Any CPU
		{9D60D94B-C276-4BF1-BCD4-52E635FE8A10}.Debug|Any CPU.ActiveCfg = Debug|Any CPU
		{9D60D94B-C276-4BF1-BCD4-52E635FE8A10}.Debug|Any CPU.Build.0 = Debug|Any CPU
		{9D60D94B-C276-4BF1-BCD4-52E635FE8A10}.Release|Any CPU.ActiveCfg = Release|Any CPU
		{9D60D94B-C276-4BF1-BCD4-52E635FE8A10}.Release|Any CPU.Build.0 = Release|Any CPU
		{39C3988D-B86B-45CD-823A-FD96F7A2B4C1}.Debug|Any CPU.ActiveCfg = Debug|Any CPU
		{39C3988D-B86B-45CD-823A-FD96F7A2B4C1}.Debug|Any CPU.Build.0 = Debug|Any CPU
		{39C3988D-B86B-45CD-823A-FD96F7A2B4C1}.Release|Any CPU.ActiveCfg = Release|Any CPU
		{39C3988D-B86B-45CD-823A-FD96F7A2B4C1}.Release|Any CPU.Build.0 = Release|Any CPU
		{C83D6588-624E-4A30-BC24-ACD6DA940C23}.Debug|Any CPU.ActiveCfg = Debug|Any CPU
		{C83D6588-624E-4A30-BC24-ACD6DA940C23}.Debug|Any CPU.Build.0 = Debug|Any CPU
		{C83D6588-624E-4A30-BC24-ACD6DA940C23}.Release|Any CPU.ActiveCfg = Release|Any CPU
		{C83D6588-624E-4A30-BC24-ACD6DA940C23}.Release|Any CPU.Build.0 = Release|Any CPU
		{65D33F9C-A9CD-49DF-92F0-5F3A81B223E0}.Debug|Any CPU.ActiveCfg = Debug|Any CPU
		{65D33F9C-A9CD-49DF-92F0-5F3A81B223E0}.Debug|Any CPU.Build.0 = Debug|Any CPU
		{65D33F9C-A9CD-49DF-92F0-5F3A81B223E0}.Release|Any CPU.ActiveCfg = Release|Any CPU
		{65D33F9C-A9CD-49DF-92F0-5F3A81B223E0}.Release|Any CPU.Build.0 = Release|Any CPU
		{A3D26DD7-4991-4D1E-B3BB-AE1F691A9CFA}.Debug|Any CPU.ActiveCfg = Debug|Any CPU
		{A3D26DD7-4991-4D1E-B3BB-AE1F691A9CFA}.Debug|Any CPU.Build.0 = Debug|Any CPU
		{A3D26DD7-4991-4D1E-B3BB-AE1F691A9CFA}.Release|Any CPU.ActiveCfg = Release|Any CPU
		{A3D26DD7-4991-4D1E-B3BB-AE1F691A9CFA}.Release|Any CPU.Build.0 = Release|Any CPU
		{830C170A-362B-4A5C-9C32-69C920E838E8}.Debug|Any CPU.ActiveCfg = Debug|Any CPU
		{830C170A-362B-4A5C-9C32-69C920E838E8}.Debug|Any CPU.Build.0 = Debug|Any CPU
		{830C170A-362B-4A5C-9C32-69C920E838E8}.Release|Any CPU.ActiveCfg = Release|Any CPU
		{830C170A-362B-4A5C-9C32-69C920E838E8}.Release|Any CPU.Build.0 = Release|Any CPU
		{96D8AED3-B34E-49C6-8590-B5FF22D7E328}.Debug|Any CPU.ActiveCfg = Debug|Any CPU
		{96D8AED3-B34E-49C6-8590-B5FF22D7E328}.Debug|Any CPU.Build.0 = Debug|Any CPU
		{96D8AED3-B34E-49C6-8590-B5FF22D7E328}.Release|Any CPU.ActiveCfg = Release|Any CPU
		{96D8AED3-B34E-49C6-8590-B5FF22D7E328}.Release|Any CPU.Build.0 = Release|Any CPU
		{9CA15A0D-9AA7-4815-A530-DA50A74EF759}.Debug|Any CPU.ActiveCfg = Debug|Any CPU
		{9CA15A0D-9AA7-4815-A530-DA50A74EF759}.Debug|Any CPU.Build.0 = Debug|Any CPU
		{9CA15A0D-9AA7-4815-A530-DA50A74EF759}.Release|Any CPU.ActiveCfg = Release|Any CPU
		{9CA15A0D-9AA7-4815-A530-DA50A74EF759}.Release|Any CPU.Build.0 = Release|Any CPU
		{05DA279D-F08D-4C74-9E01-D01F95F80E56}.Debug|Any CPU.ActiveCfg = Debug|Any CPU
		{05DA279D-F08D-4C74-9E01-D01F95F80E56}.Debug|Any CPU.Build.0 = Debug|Any CPU
		{05DA279D-F08D-4C74-9E01-D01F95F80E56}.Release|Any CPU.ActiveCfg = Release|Any CPU
		{05DA279D-F08D-4C74-9E01-D01F95F80E56}.Release|Any CPU.Build.0 = Release|Any CPU
		{8D09FDFE-EF4E-4667-A1F8-40B2E2922D1D}.Debug|Any CPU.ActiveCfg = Debug|Any CPU
		{8D09FDFE-EF4E-4667-A1F8-40B2E2922D1D}.Debug|Any CPU.Build.0 = Debug|Any CPU
		{8D09FDFE-EF4E-4667-A1F8-40B2E2922D1D}.Release|Any CPU.ActiveCfg = Release|Any CPU
		{8D09FDFE-EF4E-4667-A1F8-40B2E2922D1D}.Release|Any CPU.Build.0 = Release|Any CPU
		{AEFDC96D-3C12-4850-BDF8-CCD279B3BE74}.Debug|Any CPU.ActiveCfg = Debug|Any CPU
		{AEFDC96D-3C12-4850-BDF8-CCD279B3BE74}.Debug|Any CPU.Build.0 = Debug|Any CPU
		{AEFDC96D-3C12-4850-BDF8-CCD279B3BE74}.Release|Any CPU.ActiveCfg = Release|Any CPU
		{AEFDC96D-3C12-4850-BDF8-CCD279B3BE74}.Release|Any CPU.Build.0 = Release|Any CPU
		{39E35C93-D56D-4B4D-8680-AF7ED5AE5139}.Debug|Any CPU.ActiveCfg = Debug|Any CPU
		{39E35C93-D56D-4B4D-8680-AF7ED5AE5139}.Debug|Any CPU.Build.0 = Debug|Any CPU
		{39E35C93-D56D-4B4D-8680-AF7ED5AE5139}.Release|Any CPU.ActiveCfg = Release|Any CPU
		{39E35C93-D56D-4B4D-8680-AF7ED5AE5139}.Release|Any CPU.Build.0 = Release|Any CPU
		{80E4B7DB-5069-4963-A8C8-D98AF0274176}.Debug|Any CPU.ActiveCfg = Debug|Any CPU
		{80E4B7DB-5069-4963-A8C8-D98AF0274176}.Debug|Any CPU.Build.0 = Debug|Any CPU
		{80E4B7DB-5069-4963-A8C8-D98AF0274176}.Release|Any CPU.ActiveCfg = Release|Any CPU
		{80E4B7DB-5069-4963-A8C8-D98AF0274176}.Release|Any CPU.Build.0 = Release|Any CPU
		{1D65CED8-99B1-498C-A091-CEBF938ABDF3}.Debug|Any CPU.ActiveCfg = Debug|Any CPU
		{1D65CED8-99B1-498C-A091-CEBF938ABDF3}.Debug|Any CPU.Build.0 = Debug|Any CPU
		{1D65CED8-99B1-498C-A091-CEBF938ABDF3}.Release|Any CPU.ActiveCfg = Release|Any CPU
		{1D65CED8-99B1-498C-A091-CEBF938ABDF3}.Release|Any CPU.Build.0 = Release|Any CPU
		{4DDF0041-4153-4D8D-9275-A3113615F0F5}.Debug|Any CPU.ActiveCfg = Debug|Any CPU
		{4DDF0041-4153-4D8D-9275-A3113615F0F5}.Debug|Any CPU.Build.0 = Debug|Any CPU
		{4DDF0041-4153-4D8D-9275-A3113615F0F5}.Release|Any CPU.ActiveCfg = Release|Any CPU
		{4DDF0041-4153-4D8D-9275-A3113615F0F5}.Release|Any CPU.Build.0 = Release|Any CPU
		{24A6E228-9568-4B7F-B915-E56F569628A1}.Debug|Any CPU.ActiveCfg = Debug|Any CPU
		{24A6E228-9568-4B7F-B915-E56F569628A1}.Debug|Any CPU.Build.0 = Debug|Any CPU
		{24A6E228-9568-4B7F-B915-E56F569628A1}.Release|Any CPU.ActiveCfg = Release|Any CPU
		{24A6E228-9568-4B7F-B915-E56F569628A1}.Release|Any CPU.Build.0 = Release|Any CPU
		{F30C662E-5D18-4DB1-85FE-01A4E70C53D0}.Debug|Any CPU.ActiveCfg = Debug|Any CPU
		{F30C662E-5D18-4DB1-85FE-01A4E70C53D0}.Debug|Any CPU.Build.0 = Debug|Any CPU
		{F30C662E-5D18-4DB1-85FE-01A4E70C53D0}.Release|Any CPU.ActiveCfg = Release|Any CPU
		{F30C662E-5D18-4DB1-85FE-01A4E70C53D0}.Release|Any CPU.Build.0 = Release|Any CPU
		{97EB5440-F6FF-40BF-B051-F51B245AB5A4}.Debug|Any CPU.ActiveCfg = Debug|Any CPU
		{97EB5440-F6FF-40BF-B051-F51B245AB5A4}.Debug|Any CPU.Build.0 = Debug|Any CPU
		{97EB5440-F6FF-40BF-B051-F51B245AB5A4}.Release|Any CPU.ActiveCfg = Release|Any CPU
		{97EB5440-F6FF-40BF-B051-F51B245AB5A4}.Release|Any CPU.Build.0 = Release|Any CPU
		{4F985830-9DB8-4FFB-9128-DCD66A928BFC}.Debug|Any CPU.ActiveCfg = Debug|Any CPU
		{4F985830-9DB8-4FFB-9128-DCD66A928BFC}.Debug|Any CPU.Build.0 = Debug|Any CPU
		{4F985830-9DB8-4FFB-9128-DCD66A928BFC}.Release|Any CPU.ActiveCfg = Release|Any CPU
		{4F985830-9DB8-4FFB-9128-DCD66A928BFC}.Release|Any CPU.Build.0 = Release|Any CPU
		{E6FEF30B-3B23-41A4-BA00-94D89605572E}.Debug|Any CPU.ActiveCfg = Debug|Any CPU
		{E6FEF30B-3B23-41A4-BA00-94D89605572E}.Debug|Any CPU.Build.0 = Debug|Any CPU
		{E6FEF30B-3B23-41A4-BA00-94D89605572E}.Release|Any CPU.ActiveCfg = Release|Any CPU
		{E6FEF30B-3B23-41A4-BA00-94D89605572E}.Release|Any CPU.Build.0 = Release|Any CPU
		{976CE569-DED7-423E-9A79-B54B9DC37E36}.Debug|Any CPU.ActiveCfg = Debug|Any CPU
		{976CE569-DED7-423E-9A79-B54B9DC37E36}.Debug|Any CPU.Build.0 = Debug|Any CPU
		{976CE569-DED7-423E-9A79-B54B9DC37E36}.Release|Any CPU.ActiveCfg = Release|Any CPU
		{976CE569-DED7-423E-9A79-B54B9DC37E36}.Release|Any CPU.Build.0 = Release|Any CPU
		{84AD0B42-6CDC-4C6D-A89F-71902D19981D}.Debug|Any CPU.ActiveCfg = Debug|Any CPU
		{84AD0B42-6CDC-4C6D-A89F-71902D19981D}.Debug|Any CPU.Build.0 = Debug|Any CPU
		{84AD0B42-6CDC-4C6D-A89F-71902D19981D}.Release|Any CPU.ActiveCfg = Release|Any CPU
		{84AD0B42-6CDC-4C6D-A89F-71902D19981D}.Release|Any CPU.Build.0 = Release|Any CPU
		{58B8B4DB-BECB-4E9B-81AD-2AED19AFB1A0}.Debug|Any CPU.ActiveCfg = Debug|Any CPU
		{58B8B4DB-BECB-4E9B-81AD-2AED19AFB1A0}.Debug|Any CPU.Build.0 = Debug|Any CPU
		{58B8B4DB-BECB-4E9B-81AD-2AED19AFB1A0}.Release|Any CPU.ActiveCfg = Release|Any CPU
		{58B8B4DB-BECB-4E9B-81AD-2AED19AFB1A0}.Release|Any CPU.Build.0 = Release|Any CPU
		{0B959B51-E00C-4244-9883-39102962DE9E}.Debug|Any CPU.ActiveCfg = Debug|Any CPU
		{0B959B51-E00C-4244-9883-39102962DE9E}.Debug|Any CPU.Build.0 = Debug|Any CPU
		{0B959B51-E00C-4244-9883-39102962DE9E}.Release|Any CPU.ActiveCfg = Release|Any CPU
		{0B959B51-E00C-4244-9883-39102962DE9E}.Release|Any CPU.Build.0 = Release|Any CPU
	EndGlobalSection
	GlobalSection(SolutionProperties) = preSolution
		HideSolutionNode = FALSE
	EndGlobalSection
EndGlobal
